
Microsoft Visual Studio Solution File, Format Version 12.00
Project("{FAE04EC0-301F-11D3-BF4B-00C04F79EFBC}") = "MongoTransit", "MongoTransit\MongoTransit.csproj", "{443D9CB1-4F98-4D0A-AF4C-3943A595D3A5}"
EndProject
Project("{FAE04EC0-301F-11D3-BF4B-00C04F79EFBC}") = "MongoTransit.UnitTests", "MongoTransit.UnitTests\MongoTransit.UnitTests.csproj", "{AD7CAC94-C64B-4F78-B7C7-7C4AC4776569}"
EndProject
Global
	GlobalSection(SolutionConfigurationPlatforms) = preSolution
		Debug|Any CPU = Debug|Any CPU
		Release|Any CPU = Release|Any CPU
	EndGlobalSection
	GlobalSection(ProjectConfigurationPlatforms) = postSolution
		{443D9CB1-4F98-4D0A-AF4C-3943A595D3A5}.Debug|Any CPU.ActiveCfg = Debug|Any CPU
		{443D9CB1-4F98-4D0A-AF4C-3943A595D3A5}.Debug|Any CPU.Build.0 = Debug|Any CPU
		{443D9CB1-4F98-4D0A-AF4C-3943A595D3A5}.Release|Any CPU.ActiveCfg = Release|Any CPU
		{443D9CB1-4F98-4D0A-AF4C-3943A595D3A5}.Release|Any CPU.Build.0 = Release|Any CPU
		{AD7CAC94-C64B-4F78-B7C7-7C4AC4776569}.Debug|Any CPU.ActiveCfg = Debug|Any CPU
		{AD7CAC94-C64B-4F78-B7C7-7C4AC4776569}.Debug|Any CPU.Build.0 = Debug|Any CPU
		{AD7CAC94-C64B-4F78-B7C7-7C4AC4776569}.Release|Any CPU.ActiveCfg = Release|Any CPU
		{AD7CAC94-C64B-4F78-B7C7-7C4AC4776569}.Release|Any CPU.Build.0 = Release|Any CPU
	EndGlobalSection
EndGlobal
